Microsoft Visual Studio Solution File, Format Version 12.00
# Visual Studio Version 17
VisualStudioVersion = 17.5.2.0
MinimumVisualStudioVersion = 10.0.40219.1
Project("{FAE04EC0-301F-11D3-BF4B-00C04F79EFBC}") = "RazorPagesGames", "RazorPagesGames.csproj", "{09474E3B-2FCB-F96A-959B-3C0BFE299FF3}"
EndProject
Global
	GlobalSection(SolutionConfigurationPlatforms) = preSolution
		Debug|Any CPU = Debug|Any CPU
		Release|Any CPU = Release|Any CPU
	EndGlobalSection
	GlobalSection(ProjectConfigurationPlatforms) = postSolution
		{09474E3B-2FCB-F96A-959B-3C0BFE299FF3}.Debug|Any CPU.ActiveCfg = Debug|Any CPU
		{09474E3B-2FCB-F96A-959B-3C0BFE299FF3}.Debug|Any CPU.Build.0 = Debug|Any CPU
		{09474E3B-2FCB-F96A-959B-3C0BFE299FF3}.Release|Any CPU.ActiveCfg = Release|Any CPU
		{09474E3B-2FCB-F96A-959B-3C0BFE299FF3}.Release|Any CPU.Build.0 = Release|Any CPU
	EndGlobalSection
	GlobalSection(SolutionProperties) = preSolution
		HideSolutionNode = FALSE
	EndGlobalSection
	GlobalSection(ExtensibilityGlobals) = postSolution
		SolutionGuid = {0D15AABF-6CDC-4D46-BCBB-DA833854107E}
	EndGlobalSection
EndGlobal
